
Microsoft Visual Studio Solution File, Format Version 12.00
# Visual Studio Version 16
VisualStudioVersion = 25.0.1705.0
MinimumVisualStudioVersion = 10.0.40219.1
Project("{FAE04EC0-301F-11D3-BF4B-00C04F79EFBC}") = "imagegallery.Android", "imagegallery\imagegallery.Android\imagegallery.Android.csproj", "{F12602C9-266B-4693-9629-4DF2A989AA8A}"
EndProject
Project("{FAE04EC0-301F-11D3-BF4B-00C04F79EFBC}") = "imagegallery.iOS", "imagegallery\imagegallery.iOS\imagegallery.iOS.csproj", "{9B3266BD-6227-42EC-9CBC-AA67B4572B11}"
EndProject
Project("{FAE04EC0-301F-11D3-BF4B-00C04F79EFBC}") = "imagegallery", "imagegallery\imagegallery\imagegallery.csproj", "{7E2D32E7-9690-4949-948E-88454FB791D1}"
EndProject
Global
	GlobalSection(SolutionConfigurationPlatforms) = preSolution
		Debug|Any CPU = Debug|Any CPU
		Release|Any CPU = Release|Any CPU
		Debug|iPhoneSimulator = Debug|iPhoneSimulator
		Release|iPhoneSimulator = Release|iPhoneSimulator
		Debug|iPhone = Debug|iPhone
		Release|iPhone = Release|iPhone
	EndGlobalSection
	GlobalSection(ProjectConfigurationPlatforms) = postSolution
		{F12602C9-266B-4693-9629-4DF2A989AA8A}.Debug|Any CPU.ActiveCfg = Debug|Any CPU
		{F12602C9-266B-4693-9629-4DF2A989AA8A}.Debug|Any CPU.Build.0 = Debug|Any CPU
		{F12602C9-266B-4693-9629-4DF2A989AA8A}.Release|Any CPU.ActiveCfg = Release|Any CPU
		{F12602C9-266B-4693-9629-4DF2A989AA8A}.Release|Any CPU.Build.0 = Release|Any CPU
		{F12602C9-266B-4693-9629-4DF2A989AA8A}.Debug|iPhoneSimulator.ActiveCfg = Debug|Any CPU
		{F12602C9-266B-4693-9629-4DF2A989AA8A}.Debug|iPhoneSimulator.Build.0 = Debug|Any CPU
		{F12602C9-266B-4693-9629-4DF2A989AA8A}.Release|iPhoneSimulator.ActiveCfg = Release|Any CPU
		{F12602C9-266B-4693-9629-4DF2A989AA8A}.Release|iPhoneSimulator.Build.0 = Release|Any CPU
		{F12602C9-266B-4693-9629-4DF2A989AA8A}.Debug|iPhone.ActiveCfg = Debug|Any CPU
		{F12602C9-266B-4693-9629-4DF2A989AA8A}.Debug|iPhone.Build.0 = Debug|Any CPU
		{F12602C9-266B-4693-9629-4DF2A989AA8A}.Release|iPhone.ActiveCfg = Release|Any CPU
		{F12602C9-266B-4693-9629-4DF2A989AA8A}.Release|iPhone.Build.0 = Release|Any CPU
		{9B3266BD-6227-42EC-9CBC-AA67B4572B11}.Debug|Any CPU.ActiveCfg = Debug|iPhoneSimulator
		{9B3266BD-6227-42EC-9CBC-AA67B4572B11}.Debug|Any CPU.Build.0 = Debug|iPhoneSimulator
		{9B3266BD-6227-42EC-9CBC-AA67B4572B11}.Release|Any CPU.ActiveCfg = Release|iPhoneSimulator
		{9B3266BD-6227-42EC-9CBC-AA67B4572B11}.Release|Any CPU.Build.0 = Release|iPhoneSimulator
		{9B3266BD-6227-42EC-9CBC-AA67B4572B11}.Debug|iPhoneSimulator.ActiveCfg = Debug|iPhoneSimulator
		{9B3266BD-6227-42EC-9CBC-AA67B4572B11}.Debug|iPhoneSimulator.Build.0 = Debug|iPhoneSimulator
		{9B3266BD-6227-42EC-9CBC-AA67B4572B11}.Release|iPhoneSimulator.ActiveCfg = Release|iPhoneSimulator
		{9B3266BD-6227-42EC-9CBC-AA67B4572B11}.Release|iPhoneSimulator.Build.0 = Release|iPhoneSimulator
		{9B3266BD-6227-42EC-9CBC-AA67B4572B11}.Debug|iPhone.ActiveCfg = Debug|iPhone
		{9B3266BD-6227-42EC-9CBC-AA67B4572B11}.Debug|iPhone.Build.0 = Debug|iPhone
		{9B3266BD-6227-42EC-9CBC-AA67B4572B11}.Release|iPhone.ActiveCfg = Release|iPhone
		{9B3266BD-6227-42EC-9CBC-AA67B4572B11}.Release|iPhone.Build.0 = Release|iPhone
		{7E2D32E7-9690-4949-948E-88454FB791D1}.Debug|Any CPU.ActiveCfg = Debug|Any CPU
		{7E2D32E7-9690-4949-948E-88454FB791D1}.Debug|Any CPU.Build.0 = Debug|Any CPU
		{7E2D32E7-9690-4949-948E-88454FB791D1}.Release|Any CPU.ActiveCfg = Release|Any CPU
		{7E2D32E7-9690-4949-948E-88454FB791D1}.Release|Any CPU.Build.0 = Release|Any CPU
		{7E2D32E7-9690-4949-948E-88454FB791D1}.Debug|iPhoneSimulator.ActiveCfg = Debug|Any CPU
		{7E2D32E7-9690-4949-948E-88454FB791D1}.Debug|iPhoneSimulator.Build.0 = Debug|Any CPU
		{7E2D32E7-9690-4949-948E-88454FB791D1}.Release|iPhoneSimulator.ActiveCfg = Release|Any CPU
		{7E2D32E7-9690-4949-948E-88454FB791D1}.Release|iPhoneSimulator.Build.0 = Release|Any CPU
		{7E2D32E7-9690-4949-948E-88454FB791D1}.Debug|iPhone.ActiveCfg = Debug|Any CPU
		{7E2D32E7-9690-4949-948E-88454FB791D1}.Debug|iPhone.Build.0 = Debug|Any CPU
		{7E2D32E7-9690-4949-948E-88454FB791D1}.Release|iPhone.ActiveCfg = Release|Any CPU
		{7E2D32E7-9690-4949-948E-88454FB791D1}.Release|iPhone.Build.0 = Release|Any CPU
	EndGlobalSection
	GlobalSection(SolutionProperties) = preSolution
		HideSolutionNode = FALSE
	EndGlobalSection
	GlobalSection(ExtensibilityGlobals) = postSolution
		SolutionGuid = {53054F06-B4FF-4D12-B85B-1DF16816FE02}
	EndGlobalSection
EndGlobal
